<?xml version="1.0" encoding="utf-8"?>
<Project ToolsVersion="4.0" xmlns="http://schemas.microsoft.com/developer/msbuild/2003">
  <ItemGroup>
    <ClCompile Include="Vertice.cpp" />
    <ClCompile Include="Mola.cpp" />
    <ClCompile Include="MassaMola.cpp" />
    <ClCompile Include="Main.cpp" />
  </ItemGroup>
  <ItemGroup>
    <Filter Include="Headers">
      <UniqueIdentifier>{16120528-986e-4aa5-aae4-64dbe9b9c482}</UniqueIdentifier>
    </Filter>
  </ItemGroup>
  <ItemGroup>
    <ClInclude Include="Vertice.h">
      <Filter>Headers</Filter>
    </ClInclude>
    <ClInclude Include="Vector3.h">
      <Filter>Headers</Filter>
    </ClInclude>
    <ClInclude Include="Mola.h">
      <Filter>Headers</Filter>
    </ClInclude>
    <ClInclude Include="MassaMola.h">
      <Filter>Headers</Filter>
    </ClInclude>
  </ItemGroup>
</Project>